Microsoft Visual Studio Solution File, Format Version 12.00
# Visual Studio Version 17
VisualStudioVersion = 17.5.2.0
MinimumVisualStudioVersion = 10.0.40219.1
Project("{FAE04EC0-301F-11D3-BF4B-00C04F79EFBC}") = "MSFD_UserAuthInMemoryApp", "MSFD_UserAuthInMemoryApp.csproj", "{3961CEF1-C745-AF90-FD6F-7597AB387627}"
EndProject
Global
	GlobalSection(SolutionConfigurationPlatforms) = preSolution
		Debug|Any CPU = Debug|Any CPU
		Release|Any CPU = Release|Any CPU
	EndGlobalSection
	GlobalSection(ProjectConfigurationPlatforms) = postSolution
		{3961CEF1-C745-AF90-FD6F-7597AB387627}.Debug|Any CPU.ActiveCfg = Debug|Any CPU
		{3961CEF1-C745-AF90-FD6F-7597AB387627}.Debug|Any CPU.Build.0 = Debug|Any CPU
		{3961CEF1-C745-AF90-FD6F-7597AB387627}.Release|Any CPU.ActiveCfg = Release|Any CPU
		{3961CEF1-C745-AF90-FD6F-7597AB387627}.Release|Any CPU.Build.0 = Release|Any CPU
	EndGlobalSection
	GlobalSection(SolutionProperties) = preSolution
		HideSolutionNode = FALSE
	EndGlobalSection
	GlobalSection(ExtensibilityGlobals) = postSolution
		SolutionGuid = {FE8FFE71-FF95-4FCC-B8BB-04D0E814F16A}
	EndGlobalSection
EndGlobal
